// !$*UTF8*$!
{
	archiveVersion = 1;
	classes = {
	};
	objectVersion = 50;
	objects = {

/* Begin PBXBuildFile section */
		5198566F24BDD59000451984 /* AppDelegate.swift in Sources */ = {isa = PBXBuildFile; fileRef = 5198566E24BDD59000451984 /* AppDelegate.swift */; };
		5198567124BDD59000451984 /* SceneDelegate.swift in Sources */ = {isa = PBXBuildFile; fileRef = 5198567024BDD59000451984 /* SceneDelegate.swift */; };
		5198567324BDD59000451984 /* ContentView.swift in Sources */ = {isa = PBXBuildFile; fileRef = 5198567224BDD59000451984 /* ContentView.swift */; };
		5198567524BDD59200451984 /* Assets.xcassets in Resources */ = {isa = PBXBuildFile; fileRef = 5198567424BDD59200451984 /* Assets.xcassets */; };
		5198567824BDD59200451984 /* Preview Assets.xcassets in Resources */ = {isa = PBXBuildFile; fileRef = 5198567724BDD59200451984 /* Preview Assets.xcassets */; };
		5198567B24BDD59200451984 /* LaunchScreen.storyboard in Resources */ = {isa = PBXBuildFile; fileRef = 5198567924BDD59200451984 /* LaunchScreen.storyboard */; };
		5198568324BDEB3100451984 /* SpeechRecorder.swift in Sources */ = {isa = PBXBuildFile; fileRef = 5198568224BDEB3100451984 /* SpeechRecorder.swift */; };
/* End PBXBuildFile section */

/* Begin PBXFileReference section */
		5198566B24BDD59000451984 /* CoreHapticSample.app */ = {isa = PBXFileReference; explicitFileType = wrapper.application; includeInIndex = 0; path = CoreHapticSample.app; sourceTree = BUILT_PRODUCTS_DIR; };
		5198566E24BDD59000451984 /* AppDelegate.swift */ = {isa = PBXFileReference; lastKnownFileType = sourcecode.swift; path = AppDelegate.swift; sourceTree = "<group>"; };
		5198567024BDD59000451984 /* SceneDelegate.swift */ = {isa = PBXFileReference; lastKnownFileType = sourcecode.swift; path = SceneDelegate.swift; sourceTree = "<group>"; };
		5198567224BDD59000451984 /* ContentView.swift */ = {isa = PBXFileReference; lastKnownFileType = sourcecode.swift; path = ContentView.swift; sourceTree = "<group>"; };
		5198567424BDD59200451984 /* Assets.xcassets */ = {isa = PBXFileReference; lastKnownFileType = folder.assetcatalog; path = Assets.xcassets; sourceTree = "<group>"; };
		5198567724BDD59200451984 /* Preview Assets.xcassets */ = {isa = PBXFileReference; lastKnownFileType = folder.assetcatalog; path = "Preview Assets.xcassets"; sourceTree = "<group>"; };
		5198567A24BDD59200451984 /* Base */ = {isa = PBXFileReference; lastKnownFileType = file.storyboard; name = Base; path = Base.lproj/LaunchScreen.storyboard; sourceTree = "<group>"; };
		5198567C24BDD59200451984 /* Info.plist */ = {isa = PBXFileReference; lastKnownFileType = text.plist.xml; path = Info.plist; sourceTree = "<group>"; };
		5198568224BDEB3100451984 /* SpeechRecorder.swift */ = {isa = PBXFileReference; lastKnownFileType = sourcecode.swift; path = SpeechRecorder.swift; sourceTree = "<group>"; };
/* End PBXFileReference section */

/* Begin PBXFrameworksBuildPhase section */
		5198566824BDD59000451984 /* Frameworks */ = {
			isa = PBXFrameworksBuildPhase;
			buildActionMask = 2147483647;
			files = (
			);
			runOnlyForDeploymentPostprocessing = 0;
		};
/* End PBXFrameworksBuildPhase section */

/* Begin PBXGroup section */
		5198566224BDD59000451984 = {
			isa = PBXGroup;
			children = (
				5198566D24BDD59000451984 /* CoreHapticSample */,
				5198566C24BDD59000451984 /* Products */,
			);
			sourceTree = "<group>";
		};
		5198566C24BDD59000451984 /* Products */ = {
			isa = PBXGroup;
			children = (
				5198566B24BDD59000451984 /* CoreHapticSample.app */,
			);
			name = Products;
			sourceTree = "<group>";
		};
		5198566D24BDD59000451984 /* CoreHapticSample */ = {
			isa = PBXGroup;
			children = (
				5198566E24BDD59000451984 /* AppDelegate.swift */,
				5198567024BDD59000451984 /* SceneDelegate.swift */,
				5198567224BDD59000451984 /* ContentView.swift */,
				5198567424BDD59200451984 /* Assets.xcassets */,
				5198567924BDD59200451984 /* LaunchScreen.storyboard */,
				5198567C24BDD59200451984 /* Info.plist */,
				5198568224BDEB3100451984 /* SpeechRecorder.swift */,
				5198567624BDD59200451984 /* Preview Content */,
			);
			path = CoreHapticSample;
			sourceTree = "<group>";
		};
		5198567624BDD59200451984 /* Preview Content */ = {
			isa = PBXGroup;
			children = (
				5198567724BDD59200451984 /* Preview Assets.xcassets */,
			);
			path = "Preview Content";
			sourceTree = "<group>";
		};
/* End PBXGroup section */

/* Begin PBXNativeTarget section */
		5198566A24BDD59000451984 /* CoreHapticSample */ = {
			isa = PBXNativeTarget;
			buildConfigurationList = 5198567F24BDD59200451984 /* Build configuration list for PBXNativeTarget "CoreHapticSample" */;
			buildPhases = (
				5198566724BDD59000451984 /* Sources */,
				5198566824BDD59000451984 /* Frameworks */,
				5198566924BDD59000451984 /* Resources */,
			);
			buildRules = (
			);
			dependencies = (
			);
			name = CoreHapticSample;
			productName = CoreHapticSample;
			productReference = 5198566B24BDD59000451984 /* CoreHapticSample.app */;
			productType = "com.apple.product-type.application";
		};
/* End PBXNativeTarget section */

/* Begin PBXProject section */
		5198566324BDD59000451984 /* Project object */ = {
			isa = PBXProject;
			attributes = {
				LastSwiftUpdateCheck = 1150;
				LastUpgradeCheck = 1150;
				ORGANIZATIONNAME = momosuke;
				TargetAttributes = {
					5198566A24BDD59000451984 = {
						CreatedOnToolsVersion = 11.5;
					};
				};
			};
			buildConfigurationList = 5198566624BDD59000451984 /* Build configuration list for PBXProject "CoreHapticSample" */;
			compatibilityVersion = "Xcode 9.3";
			developmentRegion = en;
			hasScannedForEncodings = 0;
			knownRegions = (
				en,
				Base,
			);
			mainGroup = 5198566224BDD59000451984;
			productRefGroup = 5198566C24BDD59000451984 /* Products */;
			projectDirPath = "";
			projectRoot = "";
			targets = (
				5198566A24BDD59000451984 /* CoreHapticSample */,
			);
		};
/* End PBXProject section */

/* Begin PBXResourcesBuildPhase section */
		5198566924BDD59000451984 /* Resources */ = {
			isa = PBXResourcesBuildPhase;
			buildActionMask = 2147483647;
			files = (
				5198567B24BDD59200451984 /* LaunchScreen.storyboard in Resources */,
				5198567824BDD59200451984 /* Preview Assets.xcassets in Resources */,
				5198567524BDD59200451984 /* Assets.xcassets in Resources */,
			);
			runOnlyForDeploymentPostprocessing = 0;
		};
/* End PBXResourcesBuildPhase section */

/* Begin PBXSourcesBuildPhase section */
		5198566724BDD59000451984 /* Sources */ = {
			isa = PBXSourcesBuildPhase;
			buildActionMask = 2147483647;
			files = (
				5198566F24BDD59000451984 /* AppDelegate.swift in Sources */,
				5198568324BDEB3100451984 /* SpeechRecorder.swift in Sources */,
				5198567124BDD59000451984 /* SceneDelegate.swift in Sources */,
				5198567324BDD59000451984 /* ContentView.swift in Sources */,
			);
			runOnlyForDeploymentPostprocessing = 0;
		};
/* End PBXSourcesBuildPhase section */

/* Begin PBXVariantGroup section */
		5198567924BDD59200451984 /* LaunchScreen.storyboard */ = {
			isa = PBXVariantGroup;
			children = (
				5198567A24BDD59200451984 /* Base */,
			);
			name = LaunchScreen.storyboard;
			sourceTree = "<group>";
		};
/* End PBXVariantGroup section */

/* Begin XCBuildConfiguration section */
		5198567D24BDD59200451984 /* Debug */ = {
			isa = XCBuildConfiguration;
			buildSettings = {
				ALWAYS_SEARCH_USER_PATHS = NO;
				CLANG_ANALYZER_NONNULL = YES;
				CLANG_ANALYZER_NUMBER_OBJECT_CONVERSION = YES_AGGRESSIVE;
				CLANG_CXX_LANGUAGE_STANDARD = "gnu++14";
				CLANG_CXX_LIBRARY = "libc++";
				CLANG_ENABLE_MODULES = YES;
				CLANG_ENABLE_OBJC_ARC = YES;
				CLANG_ENABLE_OBJC_WEAK = YES;
				CLANG_WARN_BLOCK_CAPTURE_AUTORELEASING = YES;
				CLANG_WARN_BOOL_CONVERSION = YES;
				CLANG_WARN_COMMA = YES;
				CLANG_WARN_CONSTANT_CONVERSION = YES;
				CLANG_WARN_DEPRECATED_OBJC_IMPLEMENTATIONS = YES;
				CLANG_WARN_DIRECT_OBJC_ISA_USAGE = YES_ERROR;
				CLANG_WARN_DOCUMENTATION_COMMENTS = YES;
				CLANG_WARN_EMPTY_BODY = YES;
				CLANG_WARN_ENUM_CONVERSION = YES;
				CLANG_WARN_INFINITE_RECURSION = YES;
				CLANG_WARN_INT_CONVERSION = YES;
				CLANG_WARN_NON_LITERAL_NULL_CONVERSION = YES;
				CLANG_WARN_OBJC_IMPLICIT_RETAIN_SELF = YES;
				CLANG_WARN_OBJC_LITERAL_CONVERSION = YES;
				CLANG_WARN_OBJC_ROOT_CLASS = YES_ERROR;
				CLANG_WARN_RANGE_LOOP_ANALYSIS = YES;
				CLANG_WARN_STRICT_PROTOTYPES = YES;
				CLANG_WARN_SUSPICIOUS_MOVE = YES;
				CLANG_WARN_UNGUARDED_AVAILABILITY = YES_AGGRESSIVE;
				CLANG_WARN_UNREACHABLE_CODE = YES;
				CLANG_WARN__DUPLICATE_METHOD_MATCH = YES;
				COPY_PHASE_STRIP = NO;
				DEBUG_INFORMATION_FORMAT = dwarf;
				ENABLE_STRICT_OBJC_MSGSEND = YES;
				ENABLE_TESTABILITY = YES;
				GCC_C_LANGUAGE_STANDARD = gnu11;
				GCC_DYNAMIC_NO_PIC = NO;
				GCC_NO_COMMON_BLOCKS = YES;
				GCC_OPTIMIZATION_LEVEL = 0;
				GCC_PREPROCESSOR_DEFINITIONS = (
					"DEBUG=1",
					"$(inherited)",
				);
				GCC_WARN_64_TO_32_BIT_CONVERSION = YES;
				GCC_WARN_ABOUT_RETURN_TYPE = YES_ERROR;
				GCC_WARN_UNDECLARED_SELECTOR = YES;
				GCC_WARN_UNINITIALIZED_AUTOS = YES_AGGRESSIVE;
				GCC_WARN_UNUSED_FUNCTION = YES;
				GCC_WARN_UNUSED_VARIABLE = YES;
				IPHONEOS_DEPLOYMENT_TARGET = 13.5;
				MTL_ENABLE_DEBUG_INFO = INCLUDE_SOURCE;
				MTL_FAST_MATH = YES;
				ONLY_ACTIVE_ARCH = YES;
				SDKROOT = iphoneos;
				SWIFT_ACTIVE_COMPILATION_CONDITIONS = DEBUG;
				SWIFT_OPTIMIZATION_LEVEL = "-Onone";
			};
			name = Debug;
		};
		5198567E24BDD59200451984 /* Release */ = {
			isa = XCBuildConfiguration;
			buildSettings = {
				ALWAYS_SEARCH_USER_PATHS = NO;
				CLANG_ANALYZER_NONNULL = YES;
				CLANG_ANALYZER_NUMBER_OBJECT_CONVERSION = YES_AGGRESSIVE;
				CLANG_CXX_LANGUAGE_STANDARD = "gnu++14";
				CLANG_CXX_LIBRARY = "libc++";
				CLANG_ENABLE_MODULES = YES;
				CLANG_ENABLE_OBJC_ARC = YES;
				CLANG_ENABLE_OBJC_WEAK = YES;
				CLANG_WARN_BLOCK_CAPTURE_AUTORELEASING = YES;
				CLANG_WARN_BOOL_CONVERSION = YES;
				CLANG_WARN_COMMA = YES;
				CLANG_WARN_CONSTANT_CONVERSION = YES;
				CLANG_WARN_DEPRECATED_OBJC_IMPLEMENTATIONS = YES;
				CLANG_WARN_DIRECT_OBJC_ISA_USAGE = YES_ERROR;
				CLANG_WARN_DOCUMENTATION_COMMENTS = YES;
				CLANG_WARN_EMPTY_BODY = YES;
				CLANG_WARN_ENUM_CONVERSION = YES;
				CLANG_WARN_INFINITE_RECURSION = YES;
				CLANG_WARN_INT_CONVERSION = YES;
				CLANG_WARN_NON_LITERAL_NULL_CONVERSION = YES;
				CLANG_WARN_OBJC_IMPLICIT_RETAIN_SELF = YES;
				CLANG_WARN_OBJC_LITERAL_CONVERSION = YES;
				CLANG_WARN_OBJC_ROOT_CLASS = YES_ERROR;
				CLANG_WARN_RANGE_LOOP_ANALYSIS = YES;
				CLANG_WARN_STRICT_PROTOTYPES = YES;
				CLANG_WARN_SUSPICIOUS_MOVE = YES;
				CLANG_WARN_UNGUARDED_AVAILABILITY = YES_AGGRESSIVE;
				CLANG_WARN_UNREACHABLE_CODE = YES;
				CLANG_WARN__DUPLICATE_METHOD_MATCH = YES;
				COPY_PHASE_STRIP = NO;
				DEBUG_INFORMATION_FORMAT = "dwarf-with-dsym";
				ENABLE_NS_ASSERTIONS = NO;
				ENABLE_STRICT_OBJC_MSGSEND = YES;
				GCC_C_LANGUAGE_STANDARD = gnu11;
				GCC_NO_COMMON_BLOCKS = YES;
				GCC_WARN_64_TO_32_BIT_CONVERSION = YES;
				GCC_WARN_ABOUT_RETURN_TYPE = YES_ERROR;
				GCC_WARN_UNDECLARED_SELECTOR = YES;
				GCC_WARN_UNINITIALIZED_AUTOS = YES_AGGRESSIVE;
				GCC_WARN_UNUSED_FUNCTION = YES;
				GCC_WARN_UNUSED_VARIABLE = YES;
				IPHONEOS_DEPLOYMENT_TARGET = 13.5;
				MTL_ENABLE_DEBUG_INFO = NO;
				MTL_FAST_MATH = YES;
				SDKROOT = iphoneos;
				SWIFT_COMPILATION_MODE = wholemodule;
				SWIFT_OPTIMIZATION_LEVEL = "-O";
				VALIDATE_PRODUCT = YES;
			};
			name = Release;
		};
		5198568024BDD59200451984 /* Debug */ = {
			isa = XCBuildConfiguration;
			buildSettings = {
				ASSETCATALOG_COMPILER_APPICON_NAME = AppIcon;
				CODE_SIGN_STYLE = Automatic;
				DEVELOPMENT_ASSET_PATHS = "\"CoreHapticSample/Preview Content\"";
				DEVELOPMENT_TEAM = 7VD6AB4ACB;
				ENABLE_PREVIEWS = YES;
				INFOPLIST_FILE = CoreHapticSample/Info.plist;
				LD_RUNPATH_SEARCH_PATHS = (
					"$(inherited)",
					"@executable_path/Frameworks",
				);
				PRODUCT_BUNDLE_IDENTIFIER = net.clearboxtechnology.CoreHapticSample;
				PRODUCT_NAME = "$(TARGET_NAME)";
				SWIFT_VERSION = 5.0;
				TARGETED_DEVICE_FAMILY = "1,2";
			};
			name = Debug;
		};
		5198568124BDD59200451984 /* Release */ = {
			isa = XCBuildConfiguration;
			buildSettings = {
				ASSETCATALOG_COMPILER_APPICON_NAME = AppIcon;
				CODE_SIGN_STYLE = Automatic;
				DEVELOPMENT_ASSET_PATHS = "\"CoreHapticSample/Preview Content\"";
				DEVELOPMENT_TEAM = 7VD6AB4ACB;
				ENABLE_PREVIEWS = YES;
				INFOPLIST_FILE = CoreHapticSample/Info.plist;
				LD_RUNPATH_SEARCH_PATHS = (
					"$(inherited)",
					"@executable_path/Frameworks",
				);
				PRODUCT_BUNDLE_IDENTIFIER = net.clearboxtechnology.CoreHapticSample;
				PRODUCT_NAME = "$(TARGET_NAME)";
				SWIFT_VERSION = 5.0;
				TARGETED_DEVICE_FAMILY = "1,2";
			};
			name = Release;
		};
/* End XCBuildConfiguration section */

/* Begin XCConfigurationList section */
		5198566624BDD59000451984 /* Build configuration list for PBXProject "CoreHapticSample" */ = {
			isa = XCConfigurationList;
			buildConfigurations = (
				5198567D24BDD59200451984 /* Debug */,
				5198567E24BDD59200451984 /* Release */,
			);
			defaultConfigurationIsVisible = 0;
			defaultConfigurationName = Release;
		};
		5198567F24BDD59200451984 /* Build configuration list for PBXNativeTarget "CoreHapticSample" */ = {
			isa = XCConfigurationList;
			buildConfigurations = (
				5198568024BDD59200451984 /* Debug */,
				5198568124BDD59200451984 /* Release */,
			);
			defaultConfigurationIsVisible = 0;
			defaultConfigurationName = Release;
		};
/* End XCConfigurationList section */
	};
	rootObject = 5198566324BDD59000451984 /* Project object */;
}
